
Microsoft Visual Studio Solution File, Format Version 12.00
# Visual Studio Version 16
VisualStudioVersion = 16.0.30523.141
MinimumVisualStudioVersion = 10.0.40219.1
Project("{8BC9CEB8-8B4A-11D0-8D11-00A0C91BC942}") = "run_time_syscall_retrieval", "run_time_syscall_retrieval\run_time_syscall_retrieval.vcxproj", "{857DBAE7-782B-448F-AFC7-D71A670B56D7}"
EndProject
Global
	GlobalSection(SolutionConfigurationPlatforms) = preSolution
		Debug|x64 = Debug|x64
		Debug|x86 = Debug|x86
		Release|x64 = Release|x64
		Release|x86 = Release|x86
	EndGlobalSection
	GlobalSection(ProjectConfigurationPlatforms) = postSolution
		{857DBAE7-782B-448F-AFC7-D71A670B56D7}.Debug|x64.ActiveCfg = Debug|x64
		{857DBAE7-782B-448F-AFC7-D71A670B56D7}.Debug|x64.Build.0 = Debug|x64
		{857DBAE7-782B-448F-AFC7-D71A670B56D7}.Debug|x86.ActiveCfg = Debug|Win32
		{857DBAE7-782B-448F-AFC7-D71A670B56D7}.Debug|x86.Build.0 = Debug|Win32
		{857DBAE7-782B-448F-AFC7-D71A670B56D7}.Release|x64.ActiveCfg = Release|x64
		{857DBAE7-782B-448F-AFC7-D71A670B56D7}.Release|x64.Build.0 = Release|x64
		{857DBAE7-782B-448F-AFC7-D71A670B56D7}.Release|x86.ActiveCfg = Release|Win32
		{857DBAE7-782B-448F-AFC7-D71A670B56D7}.Release|x86.Build.0 = Release|Win32
	EndGlobalSection
	GlobalSection(SolutionProperties) = preSolution
		HideSolutionNode = FALSE
	EndGlobalSection
	GlobalSection(ExtensibilityGlobals) = postSolution
		SolutionGuid = {75F3E781-997C-4693-A44E-22EA76ADDDA7}
	EndGlobalSection
EndGlobal
